
Microsoft Visual Studio Solution File, Format Version 12.00
# Visual Studio 15
VisualStudioVersion = 15.0.27703.2018
MinimumVisualStudioVersion = 10.0.40219.1
Project("{8BC9CEB8-8B4A-11D0-8D11-00A0C91BC942}") = "NEATc++", "NEATc++\NEATc++.vcxproj", "{6748C8C0-6846-4B73-AFB9-E3068072EC97}"
EndProject
Project("{FAE04EC0-301F-11D3-BF4B-00C04F79EFBC}") = "NEATc++Interpreter", "NEATc++Interpreter\NEATc++Interpreter.csproj", "{9ADFA092-5BDC-413D-A8A8-C1795622AB59}"
EndProject
Project("{FAE04EC0-301F-11D3-BF4B-00C04F79EFBC}") = "Demo", "Demo\Demo.csproj", "{08C5D62B-0ED5-46C5-B2C5-0AEC6D4D630F}"
EndProject
Project("{FAE04EC0-301F-11D3-BF4B-00C04F79EFBC}") = "NeuralUtil", "NeuralUtil\NeuralUtil.csproj", "{018FC118-1525-4317-9444-766438C3EA7B}"
EndProject
Project("{FAE04EC0-301F-11D3-BF4B-00C04F79EFBC}") = "Sudokise", "Sudokise\Sudokise.csproj", "{CD3A89D1-3B81-4D0D-9C2F-B7BD3766CB53}"
EndProject
Project("{FAE04EC0-301F-11D3-BF4B-00C04F79EFBC}") = "Sudokise2", "Sudokise2\Sudokise2.csproj", "{0B7E93DB-BC2B-4B06-BF2F-A2673C5A4E99}"
EndProject
Project("{FAE04EC0-301F-11D3-BF4B-00C04F79EFBC}") = "Sudokise3", "Sudokise3\Sudokise3.csproj", "{C870D66B-A0D0-4611-A9BE-A4659803F95E}"
EndProject
Project("{FAE04EC0-301F-11D3-BF4B-00C04F79EFBC}") = "SudokuShiat", "SudokuShiat\SudokuShiat.csproj", "{1CDC3D51-D3A5-469E-8C5B-9E6D3C1B2590}"
EndProject
Global
	GlobalSection(SolutionConfigurationPlatforms) = preSolution
		Debug|Any CPU = Debug|Any CPU
		Debug|x64 = Debug|x64
		Debug|x86 = Debug|x86
		Release|Any CPU = Release|Any CPU
		Release|x64 = Release|x64
		Release|x86 = Release|x86
	EndGlobalSection
	GlobalSection(ProjectConfigurationPlatforms) = postSolution
		{6748C8C0-6846-4B73-AFB9-E3068072EC97}.Debug|Any CPU.ActiveCfg = Debug|Win32
		{6748C8C0-6846-4B73-AFB9-E3068072EC97}.Debug|x64.ActiveCfg = Debug|x64
		{6748C8C0-6846-4B73-AFB9-E3068072EC97}.Debug|x64.Build.0 = Debug|x64
		{6748C8C0-6846-4B73-AFB9-E3068072EC97}.Debug|x86.ActiveCfg = Debug|Win32
		{6748C8C0-6846-4B73-AFB9-E3068072EC97}.Debug|x86.Build.0 = Debug|Win32
		{6748C8C0-6846-4B73-AFB9-E3068072EC97}.Release|Any CPU.ActiveCfg = Release|Win32
		{6748C8C0-6846-4B73-AFB9-E3068072EC97}.Release|x64.ActiveCfg = Release|x64
		{6748C8C0-6846-4B73-AFB9-E3068072EC97}.Release|x64.Build.0 = Release|x64
		{6748C8C0-6846-4B73-AFB9-E3068072EC97}.Release|x86.ActiveCfg = Release|x64
		{6748C8C0-6846-4B73-AFB9-E3068072EC97}.Release|x86.Build.0 = Release|x64
		{9ADFA092-5BDC-413D-A8A8-C1795622AB59}.Debug|Any CPU.ActiveCfg = Debug|Any CPU
		{9ADFA092-5BDC-413D-A8A8-C1795622AB59}.Debug|Any CPU.Build.0 = Debug|Any CPU
		{9ADFA092-5BDC-413D-A8A8-C1795622AB59}.Debug|x64.ActiveCfg = Debug|Any CPU
		{9ADFA092-5BDC-413D-A8A8-C1795622AB59}.Debug|x64.Build.0 = Debug|Any CPU
		{9ADFA092-5BDC-413D-A8A8-C1795622AB59}.Debug|x86.ActiveCfg = Debug|Any CPU
		{9ADFA092-5BDC-413D-A8A8-C1795622AB59}.Debug|x86.Build.0 = Debug|Any CPU
		{9ADFA092-5BDC-413D-A8A8-C1795622AB59}.Release|Any CPU.ActiveCfg = Release|Any CPU
		{9ADFA092-5BDC-413D-A8A8-C1795622AB59}.Release|Any CPU.Build.0 = Release|Any CPU
		{9ADFA092-5BDC-413D-A8A8-C1795622AB59}.Release|x64.ActiveCfg = Release|Any CPU
		{9ADFA092-5BDC-413D-A8A8-C1795622AB59}.Release|x64.Build.0 = Release|Any CPU
		{9ADFA092-5BDC-413D-A8A8-C1795622AB59}.Release|x86.ActiveCfg = Release|Any CPU
		{9ADFA092-5BDC-413D-A8A8-C1795622AB59}.Release|x86.Build.0 = Release|Any CPU
		{08C5D62B-0ED5-46C5-B2C5-0AEC6D4D630F}.Debug|Any CPU.ActiveCfg = Debug|Any CPU
		{08C5D62B-0ED5-46C5-B2C5-0AEC6D4D630F}.Debug|Any CPU.Build.0 = Debug|Any CPU
		{08C5D62B-0ED5-46C5-B2C5-0AEC6D4D630F}.Debug|x64.ActiveCfg = Debug|Any CPU
		{08C5D62B-0ED5-46C5-B2C5-0AEC6D4D630F}.Debug|x64.Build.0 = Debug|Any CPU
		{08C5D62B-0ED5-46C5-B2C5-0AEC6D4D630F}.Debug|x86.ActiveCfg = Debug|Any CPU
		{08C5D62B-0ED5-46C5-B2C5-0AEC6D4D630F}.Debug|x86.Build.0 = Debug|Any CPU
		{08C5D62B-0ED5-46C5-B2C5-0AEC6D4D630F}.Release|Any CPU.ActiveCfg = Release|Any CPU
		{08C5D62B-0ED5-46C5-B2C5-0AEC6D4D630F}.Release|Any CPU.Build.0 = Release|Any CPU
		{08C5D62B-0ED5-46C5-B2C5-0AEC6D4D630F}.Release|x64.ActiveCfg = Release|Any CPU
		{08C5D62B-0ED5-46C5-B2C5-0AEC6D4D630F}.Release|x64.Build.0 = Release|Any CPU
		{08C5D62B-0ED5-46C5-B2C5-0AEC6D4D630F}.Release|x86.ActiveCfg = Release|Any CPU
		{08C5D62B-0ED5-46C5-B2C5-0AEC6D4D630F}.Release|x86.Build.0 = Release|Any CPU
		{018FC118-1525-4317-9444-766438C3EA7B}.Debug|Any CPU.ActiveCfg = Debug|Any CPU
		{018FC118-1525-4317-9444-766438C3EA7B}.Debug|Any CPU.Build.0 = Debug|Any CPU
		{018FC118-1525-4317-9444-766438C3EA7B}.Debug|x64.ActiveCfg = Debug|Any CPU
		{018FC118-1525-4317-9444-766438C3EA7B}.Debug|x64.Build.0 = Debug|Any CPU
		{018FC118-1525-4317-9444-766438C3EA7B}.Debug|x86.ActiveCfg = Debug|Any CPU
		{018FC118-1525-4317-9444-766438C3EA7B}.Debug|x86.Build.0 = Debug|Any CPU
		{018FC118-1525-4317-9444-766438C3EA7B}.Release|Any CPU.ActiveCfg = Release|Any CPU
		{018FC118-1525-4317-9444-766438C3EA7B}.Release|Any CPU.Build.0 = Release|Any CPU
		{018FC118-1525-4317-9444-766438C3EA7B}.Release|x64.ActiveCfg = Release|Any CPU
		{018FC118-1525-4317-9444-766438C3EA7B}.Release|x64.Build.0 = Release|Any CPU
		{018FC118-1525-4317-9444-766438C3EA7B}.Release|x86.ActiveCfg = Release|Any CPU
		{018FC118-1525-4317-9444-766438C3EA7B}.Release|x86.Build.0 = Release|Any CPU
		{CD3A89D1-3B81-4D0D-9C2F-B7BD3766CB53}.Debug|Any CPU.ActiveCfg = Debug|Any CPU
		{CD3A89D1-3B81-4D0D-9C2F-B7BD3766CB53}.Debug|Any CPU.Build.0 = Debug|Any CPU
		{CD3A89D1-3B81-4D0D-9C2F-B7BD3766CB53}.Debug|x64.ActiveCfg = Debug|Any CPU
		{CD3A89D1-3B81-4D0D-9C2F-B7BD3766CB53}.Debug|x64.Build.0 = Debug|Any CPU
		{CD3A89D1-3B81-4D0D-9C2F-B7BD3766CB53}.Debug|x86.ActiveCfg = Debug|Any CPU
		{CD3A89D1-3B81-4D0D-9C2F-B7BD3766CB53}.Debug|x86.Build.0 = Debug|Any CPU
		{CD3A89D1-3B81-4D0D-9C2F-B7BD3766CB53}.Release|Any CPU.ActiveCfg = Release|Any CPU
		{CD3A89D1-3B81-4D0D-9C2F-B7BD3766CB53}.Release|Any CPU.Build.0 = Release|Any CPU
		{CD3A89D1-3B81-4D0D-9C2F-B7BD3766CB53}.Release|x64.ActiveCfg = Release|Any CPU
		{CD3A89D1-3B81-4D0D-9C2F-B7BD3766CB53}.Release|x64.Build.0 = Release|Any CPU
		{CD3A89D1-3B81-4D0D-9C2F-B7BD3766CB53}.Release|x86.ActiveCfg = Release|Any CPU
		{CD3A89D1-3B81-4D0D-9C2F-B7BD3766CB53}.Release|x86.Build.0 = Release|Any CPU
		{0B7E93DB-BC2B-4B06-BF2F-A2673C5A4E99}.Debug|Any CPU.ActiveCfg = Debug|Any CPU
		{0B7E93DB-BC2B-4B06-BF2F-A2673C5A4E99}.Debug|Any CPU.Build.0 = Debug|Any CPU
		{0B7E93DB-BC2B-4B06-BF2F-A2673C5A4E99}.Debug|x64.ActiveCfg = Debug|Any CPU
		{0B7E93DB-BC2B-4B06-BF2F-A2673C5A4E99}.Debug|x64.Build.0 = Debug|Any CPU
		{0B7E93DB-BC2B-4B06-BF2F-A2673C5A4E99}.Debug|x86.ActiveCfg = Debug|Any CPU
		{0B7E93DB-BC2B-4B06-BF2F-A2673C5A4E99}.Debug|x86.Build.0 = Debug|Any CPU
		{0B7E93DB-BC2B-4B06-BF2F-A2673C5A4E99}.Release|Any CPU.ActiveCfg = Release|Any CPU
		{0B7E93DB-BC2B-4B06-BF2F-A2673C5A4E99}.Release|Any CPU.Build.0 = Release|Any CPU
		{0B7E93DB-BC2B-4B06-BF2F-A2673C5A4E99}.Release|x64.ActiveCfg = Release|Any CPU
		{0B7E93DB-BC2B-4B06-BF2F-A2673C5A4E99}.Release|x64.Build.0 = Release|Any CPU
		{0B7E93DB-BC2B-4B06-BF2F-A2673C5A4E99}.Release|x86.ActiveCfg = Release|Any CPU
		{0B7E93DB-BC2B-4B06-BF2F-A2673C5A4E99}.Release|x86.Build.0 = Release|Any CPU
		{C870D66B-A0D0-4611-A9BE-A4659803F95E}.Debug|Any CPU.ActiveCfg = Debug|Any CPU
		{C870D66B-A0D0-4611-A9BE-A4659803F95E}.Debug|Any CPU.Build.0 = Debug|Any CPU
		{C870D66B-A0D0-4611-A9BE-A4659803F95E}.Debug|x64.ActiveCfg = Debug|Any CPU
		{C870D66B-A0D0-4611-A9BE-A4659803F95E}.Debug|x64.Build.0 = Debug|Any CPU
		{C870D66B-A0D0-4611-A9BE-A4659803F95E}.Debug|x86.ActiveCfg = Debug|Any CPU
		{C870D66B-A0D0-4611-A9BE-A4659803F95E}.Debug|x86.Build.0 = Debug|Any CPU
		{C870D66B-A0D0-4611-A9BE-A4659803F95E}.Release|Any CPU.ActiveCfg = Release|Any CPU
		{C870D66B-A0D0-4611-A9BE-A4659803F95E}.Release|Any CPU.Build.0 = Release|Any CPU
		{C870D66B-A0D0-4611-A9BE-A4659803F95E}.Release|x64.ActiveCfg = Release|Any CPU
		{C870D66B-A0D0-4611-A9BE-A4659803F95E}.Release|x64.Build.0 = Release|Any CPU
		{C870D66B-A0D0-4611-A9BE-A4659803F95E}.Release|x86.ActiveCfg = Release|Any CPU
		{C870D66B-A0D0-4611-A9BE-A4659803F95E}.Release|x86.Build.0 = Release|Any CPU
		{1CDC3D51-D3A5-469E-8C5B-9E6D3C1B2590}.Debug|Any CPU.ActiveCfg = Debug|Any CPU
		{1CDC3D51-D3A5-469E-8C5B-9E6D3C1B2590}.Debug|Any CPU.Build.0 = Debug|Any CPU
		{1CDC3D51-D3A5-469E-8C5B-9E6D3C1B2590}.Debug|x64.ActiveCfg = Debug|Any CPU
		{1CDC3D51-D3A5-469E-8C5B-9E6D3C1B2590}.Debug|x64.Build.0 = Debug|Any CPU
		{1CDC3D51-D3A5-469E-8C5B-9E6D3C1B2590}.Debug|x86.ActiveCfg = Debug|Any CPU
		{1CDC3D51-D3A5-469E-8C5B-9E6D3C1B2590}.Debug|x86.Build.0 = Debug|Any CPU
		{1CDC3D51-D3A5-469E-8C5B-9E6D3C1B2590}.Release|Any CPU.ActiveCfg = Release|Any CPU
		{1CDC3D51-D3A5-469E-8C5B-9E6D3C1B2590}.Release|Any CPU.Build.0 = Release|Any CPU
		{1CDC3D51-D3A5-469E-8C5B-9E6D3C1B2590}.Release|x64.ActiveCfg = Release|Any CPU
		{1CDC3D51-D3A5-469E-8C5B-9E6D3C1B2590}.Release|x64.Build.0 = Release|Any CPU
		{1CDC3D51-D3A5-469E-8C5B-9E6D3C1B2590}.Release|x86.ActiveCfg = Release|Any CPU
		{1CDC3D51-D3A5-469E-8C5B-9E6D3C1B2590}.Release|x86.Build.0 = Release|Any CPU
	EndGlobalSection
	GlobalSection(SolutionProperties) = preSolution
		HideSolutionNode = FALSE
	EndGlobalSection
	GlobalSection(ExtensibilityGlobals) = postSolution
		SolutionGuid = {D106DEF8-F07D-49D3-9651-5043F38201D6}
	EndGlobalSection
EndGlobal
